
Microsoft Visual Studio Solution File, Format Version 12.00
# Visual Studio 15
Project("{FAE04EC0-301F-11D3-BF4B-00C04F79EFBC}") = "hw_admin", "hw_admin\hw_admin.csproj", "{92265217-AECA-45A8-9077-119173B7EB46}"
EndProject
Global
	GlobalSection(SolutionConfigurationPlatforms) = preSolution
		Debug|Any CPU = Debug|Any CPU
		Release|Any CPU = Release|Any CPU
	EndGlobalSection
	GlobalSection(ProjectConfigurationPlatforms) = postSolution
		{92265217-AECA-45A8-9077-119173B7EB46}.Debug|Any CPU.ActiveCfg = Debug|Any CPU
		{92265217-AECA-45A8-9077-119173B7EB46}.Debug|Any CPU.Build.0 = Debug|Any CPU
		{92265217-AECA-45A8-9077-119173B7EB46}.Release|Any CPU.ActiveCfg = Release|Any CPU
		{92265217-AECA-45A8-9077-119173B7EB46}.Release|Any CPU.Build.0 = Release|Any CPU
	EndGlobalSection
EndGlobal
